
Microsoft Visual Studio Solution File, Format Version 12.00
# Visual Studio Version 17
VisualStudioVersion = 17.8.34525.116
MinimumVisualStudioVersion = 10.0.40219.1
Project("{FAE04EC0-301F-11D3-BF4B-00C04F79EFBC}") = "EFC", "EFC.csproj", "{5A35B865-B3FB-4BF9-BF1C-790020BC8D1B}"
EndProject
Global
	GlobalSection(SolutionConfigurationPlatforms) = preSolution
		Debug|Any CPU = Debug|Any CPU
		Release|Any CPU = Release|Any CPU
	EndGlobalSection
	GlobalSection(ProjectConfigurationPlatforms) = postSolution
		{5A35B865-B3FB-4BF9-BF1C-790020BC8D1B}.Debug|Any CPU.ActiveCfg = Debug|Any CPU
		{5A35B865-B3FB-4BF9-BF1C-790020BC8D1B}.Debug|Any CPU.Build.0 = Debug|Any CPU
		{5A35B865-B3FB-4BF9-BF1C-790020BC8D1B}.Release|Any CPU.ActiveCfg = Release|Any CPU
		{5A35B865-B3FB-4BF9-BF1C-790020BC8D1B}.Release|Any CPU.Build.0 = Release|Any CPU
	EndGlobalSection
	GlobalSection(SolutionProperties) = preSolution
		HideSolutionNode = FALSE
	EndGlobalSection
	GlobalSection(ExtensibilityGlobals) = postSolution
		SolutionGuid = {964F3B78-C396-41E7-B37A-48E5FE126446}
	EndGlobalSection
EndGlobal
